// !$*UTF8*$!
{
	archiveVersion = 1;
	classes = {
	};
	objectVersion = 50;
	objects = {

/* Begin PBXBuildFile section */
		CD59AAC1269710CC003686FC /* IDineApp.swift in Sources */ = {isa = PBXBuildFile; fileRef = CD59AAC0269710CC003686FC /* IDineApp.swift */; };
		CD59AAC3269710CC003686FC /* ContentView.swift in Sources */ = {isa = PBXBuildFile; fileRef = CD59AAC2269710CC003686FC /* ContentView.swift */; };
		CD59AAC5269710CE003686FC /* Assets.xcassets in Resources */ = {isa = PBXBuildFile; fileRef = CD59AAC4269710CE003686FC /* Assets.xcassets */; };
		CD59AAC8269710CE003686FC /* Preview Assets.xcassets in Resources */ = {isa = PBXBuildFile; fileRef = CD59AAC7269710CE003686FC /* Preview Assets.xcassets */; };
		CD59AAD326971123003686FC /* Helper.swift in Sources */ = {isa = PBXBuildFile; fileRef = CD59AAD126971123003686FC /* Helper.swift */; };
		CD59AAD426971123003686FC /* Order.swift in Sources */ = {isa = PBXBuildFile; fileRef = CD59AAD226971123003686FC /* Order.swift */; };
		CD59AAD626971134003686FC /* menu.json in Resources */ = {isa = PBXBuildFile; fileRef = CD59AAD526971134003686FC /* menu.json */; };
		CD59AAD82697123A003686FC /* Menu.swift in Sources */ = {isa = PBXBuildFile; fileRef = CD59AAD72697123A003686FC /* Menu.swift */; };
		CD59AADA2697174E003686FC /* ItemRow.swift in Sources */ = {isa = PBXBuildFile; fileRef = CD59AAD92697174E003686FC /* ItemRow.swift */; };
		CD59AADD26971EEF003686FC /* screenshot1.png in Resources */ = {isa = PBXBuildFile; fileRef = CD59AADC26971EEF003686FC /* screenshot1.png */; };
/* End PBXBuildFile section */

/* Begin PBXFileReference section */
		CD59AABD269710CC003686FC /* IDine.app */ = {isa = PBXFileReference; explicitFileType = wrapper.application; includeInIndex = 0; path = IDine.app; sourceTree = BUILT_PRODUCTS_DIR; };
		CD59AAC0269710CC003686FC /* IDineApp.swift */ = {isa = PBXFileReference; lastKnownFileType = sourcecode.swift; path = IDineApp.swift; sourceTree = "<group>"; };
		CD59AAC2269710CC003686FC /* ContentView.swift */ = {isa = PBXFileReference; lastKnownFileType = sourcecode.swift; path = ContentView.swift; sourceTree = "<group>"; };
		CD59AAC4269710CE003686FC /* Assets.xcassets */ = {isa = PBXFileReference; lastKnownFileType = folder.assetcatalog; path = Assets.xcassets; sourceTree = "<group>"; };
		CD59AAC7269710CE003686FC /* Preview Assets.xcassets */ = {isa = PBXFileReference; lastKnownFileType = folder.assetcatalog; path = "Preview Assets.xcassets"; sourceTree = "<group>"; };
		CD59AAC9269710CE003686FC /* Info.plist */ = {isa = PBXFileReference; lastKnownFileType = text.plist.xml; path = Info.plist; sourceTree = "<group>"; };
		CD59AAD126971123003686FC /* Helper.swift */ = {isa = PBXFileReference; fileEncoding = 4; lastKnownFileType = sourcecode.swift; path = Helper.swift; sourceTree = "<group>"; };
		CD59AAD226971123003686FC /* Order.swift */ = {isa = PBXFileReference; fileEncoding = 4; lastKnownFileType = sourcecode.swift; path = Order.swift; sourceTree = "<group>"; };
		CD59AAD526971134003686FC /* menu.json */ = {isa = PBXFileReference; fileEncoding = 4; lastKnownFileType = text.json; path = menu.json; sourceTree = "<group>"; };
		CD59AAD72697123A003686FC /* Menu.swift */ = {isa = PBXFileReference; fileEncoding = 4; lastKnownFileType = sourcecode.swift; path = Menu.swift; sourceTree = "<group>"; };
		CD59AAD92697174E003686FC /* ItemRow.swift */ = {isa = PBXFileReference; lastKnownFileType = sourcecode.swift; path = ItemRow.swift; sourceTree = "<group>"; };
		CD59AADB26971DD4003686FC /* README.md */ = {isa = PBXFileReference; lastKnownFileType = net.daringfireball.markdown; path = README.md; sourceTree = "<group>"; };
		CD59AADC26971EEF003686FC /* screenshot1.png */ = {isa = PBXFileReference; lastKnownFileType = image.png; path = screenshot1.png; sourceTree = "<group>"; };
/* End PBXFileReference section */

/* Begin PBXFrameworksBuildPhase section */
		CD59AABA269710CC003686FC /* Frameworks */ = {
			isa = PBXFrameworksBuildPhase;
			buildActionMask = 2147483647;
			files = (
			);
			runOnlyForDeploymentPostprocessing = 0;
		};
/* End PBXFrameworksBuildPhase section */

/* Begin PBXGroup section */
		CD59AAB4269710CC003686FC = {
			isa = PBXGroup;
			children = (
				CD59AADC26971EEF003686FC /* screenshot1.png */,
				CD59AADB26971DD4003686FC /* README.md */,
				CD59AABF269710CC003686FC /* IDine */,
				CD59AABE269710CC003686FC /* Products */,
			);
			sourceTree = "<group>";
		};
		CD59AABE269710CC003686FC /* Products */ = {
			isa = PBXGroup;
			children = (
				CD59AABD269710CC003686FC /* IDine.app */,
			);
			name = Products;
			sourceTree = "<group>";
		};
		CD59AABF269710CC003686FC /* IDine */ = {
			isa = PBXGroup;
			children = (
				CD59AAD126971123003686FC /* Helper.swift */,
				CD59AAD526971134003686FC /* menu.json */,
				CD59AAD226971123003686FC /* Order.swift */,
				CD59AAD72697123A003686FC /* Menu.swift */,
				CD59AAC0269710CC003686FC /* IDineApp.swift */,
				CD59AAC2269710CC003686FC /* ContentView.swift */,
				CD59AAC4269710CE003686FC /* Assets.xcassets */,
				CD59AAC9269710CE003686FC /* Info.plist */,
				CD59AAC6269710CE003686FC /* Preview Content */,
				CD59AAD92697174E003686FC /* ItemRow.swift */,
			);
			path = IDine;
			sourceTree = "<group>";
		};
		CD59AAC6269710CE003686FC /* Preview Content */ = {
			isa = PBXGroup;
			children = (
				CD59AAC7269710CE003686FC /* Preview Assets.xcassets */,
			);
			path = "Preview Content";
			sourceTree = "<group>";
		};
/* End PBXGroup section */

/* Begin PBXNativeTarget section */
		CD59AABC269710CC003686FC /* IDine */ = {
			isa = PBXNativeTarget;
			buildConfigurationList = CD59AACC269710CE003686FC /* Build configuration list for PBXNativeTarget "IDine" */;
			buildPhases = (
				CD59AAB9269710CC003686FC /* Sources */,
				CD59AABA269710CC003686FC /* Frameworks */,
				CD59AABB269710CC003686FC /* Resources */,
			);
			buildRules = (
			);
			dependencies = (
			);
			name = IDine;
			productName = IDine;
			productReference = CD59AABD269710CC003686FC /* IDine.app */;
			productType = "com.apple.product-type.application";
		};
/* End PBXNativeTarget section */

/* Begin PBXProject section */
		CD59AAB5269710CC003686FC /* Project object */ = {
			isa = PBXProject;
			attributes = {
				LastSwiftUpdateCheck = 1250;
				LastUpgradeCheck = 1250;
				TargetAttributes = {
					CD59AABC269710CC003686FC = {
						CreatedOnToolsVersion = 12.5;
					};
				};
			};
			buildConfigurationList = CD59AAB8269710CC003686FC /* Build configuration list for PBXProject "IDine" */;
			compatibilityVersion = "Xcode 9.3";
			developmentRegion = en;
			hasScannedForEncodings = 0;
			knownRegions = (
				en,
				Base,
			);
			mainGroup = CD59AAB4269710CC003686FC;
			productRefGroup = CD59AABE269710CC003686FC /* Products */;
			projectDirPath = "";
			projectRoot = "";
			targets = (
				CD59AABC269710CC003686FC /* IDine */,
			);
		};
/* End PBXProject section */

/* Begin PBXResourcesBuildPhase section */
		CD59AABB269710CC003686FC /* Resources */ = {
			isa = PBXResourcesBuildPhase;
			buildActionMask = 2147483647;
			files = (
				CD59AAD626971134003686FC /* menu.json in Resources */,
				CD59AADD26971EEF003686FC /* screenshot1.png in Resources */,
				CD59AAC8269710CE003686FC /* Preview Assets.xcassets in Resources */,
				CD59AAC5269710CE003686FC /* Assets.xcassets in Resources */,
			);
			runOnlyForDeploymentPostprocessing = 0;
		};
/* End PBXResourcesBuildPhase section */

/* Begin PBXSourcesBuildPhase section */
		CD59AAB9269710CC003686FC /* Sources */ = {
			isa = PBXSourcesBuildPhase;
			buildActionMask = 2147483647;
			files = (
				CD59AAC3269710CC003686FC /* ContentView.swift in Sources */,
				CD59AAC1269710CC003686FC /* IDineApp.swift in Sources */,
				CD59AAD426971123003686FC /* Order.swift in Sources */,
				CD59AADA2697174E003686FC /* ItemRow.swift in Sources */,
				CD59AAD326971123003686FC /* Helper.swift in Sources */,
				CD59AAD82697123A003686FC /* Menu.swift in Sources */,
			);
			runOnlyForDeploymentPostprocessing = 0;
		};
/* End PBXSourcesBuildPhase section */

/* Begin XCBuildConfiguration section */
		CD59AACA269710CE003686FC /* Debug */ = {
			isa = XCBuildConfiguration;
			buildSettings = {
				ALWAYS_SEARCH_USER_PATHS = NO;
				CLANG_ANALYZER_NONNULL = YES;
				CLANG_ANALYZER_NUMBER_OBJECT_CONVERSION = YES_AGGRESSIVE;
				CLANG_CXX_LANGUAGE_STANDARD = "gnu++14";
				CLANG_CXX_LIBRARY = "libc++";
				CLANG_ENABLE_MODULES = YES;
				CLANG_ENABLE_OBJC_ARC = YES;
				CLANG_ENABLE_OBJC_WEAK = YES;
				CLANG_WARN_BLOCK_CAPTURE_AUTORELEASING = YES;
				CLANG_WARN_BOOL_CONVERSION = YES;
				CLANG_WARN_COMMA = YES;
				CLANG_WARN_CONSTANT_CONVERSION = YES;
				CLANG_WARN_DEPRECATED_OBJC_IMPLEMENTATIONS = YES;
				CLANG_WARN_DIRECT_OBJC_ISA_USAGE = YES_ERROR;
				CLANG_WARN_DOCUMENTATION_COMMENTS = YES;
				CLANG_WARN_EMPTY_BODY = YES;
				CLANG_WARN_ENUM_CONVERSION = YES;
				CLANG_WARN_INFINITE_RECURSION = YES;
				CLANG_WARN_INT_CONVERSION = YES;
				CLANG_WARN_NON_LITERAL_NULL_CONVERSION = YES;
				CLANG_WARN_OBJC_IMPLICIT_RETAIN_SELF = YES;
				CLANG_WARN_OBJC_LITERAL_CONVERSION = YES;
				CLANG_WARN_OBJC_ROOT_CLASS = YES_ERROR;
				CLANG_WARN_QUOTED_INCLUDE_IN_FRAMEWORK_HEADER = YES;
				CLANG_WARN_RANGE_LOOP_ANALYSIS = YES;
				CLANG_WARN_STRICT_PROTOTYPES = YES;
				CLANG_WARN_SUSPICIOUS_MOVE = YES;
				CLANG_WARN_UNGUARDED_AVAILABILITY = YES_AGGRESSIVE;
				CLANG_WARN_UNREACHABLE_CODE = YES;
				CLANG_WARN__DUPLICATE_METHOD_MATCH = YES;
				COPY_PHASE_STRIP = NO;
				DEBUG_INFORMATION_FORMAT = dwarf;
				ENABLE_STRICT_OBJC_MSGSEND = YES;
				ENABLE_TESTABILITY = YES;
				GCC_C_LANGUAGE_STANDARD = gnu11;
				GCC_DYNAMIC_NO_PIC = NO;
				GCC_NO_COMMON_BLOCKS = YES;
				GCC_OPTIMIZATION_LEVEL = 0;
				GCC_PREPROCESSOR_DEFINITIONS = (
					"DEBUG=1",
					"$(inherited)",
				);
				GCC_WARN_64_TO_32_BIT_CONVERSION = YES;
				GCC_WARN_ABOUT_RETURN_TYPE = YES_ERROR;
				GCC_WARN_UNDECLARED_SELECTOR = YES;
				GCC_WARN_UNINITIALIZED_AUTOS = YES_AGGRESSIVE;
				GCC_WARN_UNUSED_FUNCTION = YES;
				GCC_WARN_UNUSED_VARIABLE = YES;
				IPHONEOS_DEPLOYMENT_TARGET = 14.5;
				MTL_ENABLE_DEBUG_INFO = INCLUDE_SOURCE;
				MTL_FAST_MATH = YES;
				ONLY_ACTIVE_ARCH = YES;
				SDKROOT = iphoneos;
				SWIFT_ACTIVE_COMPILATION_CONDITIONS = DEBUG;
				SWIFT_OPTIMIZATION_LEVEL = "-Onone";
			};
			name = Debug;
		};
		CD59AACB269710CE003686FC /* Release */ = {
			isa = XCBuildConfiguration;
			buildSettings = {
				ALWAYS_SEARCH_USER_PATHS = NO;
				CLANG_ANALYZER_NONNULL = YES;
				CLANG_ANALYZER_NUMBER_OBJECT_CONVERSION = YES_AGGRESSIVE;
				CLANG_CXX_LANGUAGE_STANDARD = "gnu++14";
				CLANG_CXX_LIBRARY = "libc++";
				CLANG_ENABLE_MODULES = YES;
				CLANG_ENABLE_OBJC_ARC = YES;
				CLANG_ENABLE_OBJC_WEAK = YES;
				CLANG_WARN_BLOCK_CAPTURE_AUTORELEASING = YES;
				CLANG_WARN_BOOL_CONVERSION = YES;
				CLANG_WARN_COMMA = YES;
				CLANG_WARN_CONSTANT_CONVERSION = YES;
				CLANG_WARN_DEPRECATED_OBJC_IMPLEMENTATIONS = YES;
				CLANG_WARN_DIRECT_OBJC_ISA_USAGE = YES_ERROR;
				CLANG_WARN_DOCUMENTATION_COMMENTS = YES;
				CLANG_WARN_EMPTY_BODY = YES;
				CLANG_WARN_ENUM_CONVERSION = YES;
				CLANG_WARN_INFINITE_RECURSION = YES;
				CLANG_WARN_INT_CONVERSION = YES;
				CLANG_WARN_NON_LITERAL_NULL_CONVERSION = YES;
				CLANG_WARN_OBJC_IMPLICIT_RETAIN_SELF = YES;
				CLANG_WARN_OBJC_LITERAL_CONVERSION = YES;
				CLANG_WARN_OBJC_ROOT_CLASS = YES_ERROR;
				CLANG_WARN_QUOTED_INCLUDE_IN_FRAMEWORK_HEADER = YES;
				CLANG_WARN_RANGE_LOOP_ANALYSIS = YES;
				CLANG_WARN_STRICT_PROTOTYPES = YES;
				CLANG_WARN_SUSPICIOUS_MOVE = YES;
				CLANG_WARN_UNGUARDED_AVAILABILITY = YES_AGGRESSIVE;
				CLANG_WARN_UNREACHABLE_CODE = YES;
				CLANG_WARN__DUPLICATE_METHOD_MATCH = YES;
				COPY_PHASE_STRIP = NO;
				DEBUG_INFORMATION_FORMAT = "dwarf-with-dsym";
				ENABLE_NS_ASSERTIONS = NO;
				ENABLE_STRICT_OBJC_MSGSEND = YES;
				GCC_C_LANGUAGE_STANDARD = gnu11;
				GCC_NO_COMMON_BLOCKS = YES;
				GCC_WARN_64_TO_32_BIT_CONVERSION = YES;
				GCC_WARN_ABOUT_RETURN_TYPE = YES_ERROR;
				GCC_WARN_UNDECLARED_SELECTOR = YES;
				GCC_WARN_UNINITIALIZED_AUTOS = YES_AGGRESSIVE;
				GCC_WARN_UNUSED_FUNCTION = YES;
				GCC_WARN_UNUSED_VARIABLE = YES;
				IPHONEOS_DEPLOYMENT_TARGET = 14.5;
				MTL_ENABLE_DEBUG_INFO = NO;
				MTL_FAST_MATH = YES;
				SDKROOT = iphoneos;
				SWIFT_COMPILATION_MODE = wholemodule;
				SWIFT_OPTIMIZATION_LEVEL = "-O";
				VALIDATE_PRODUCT = YES;
			};
			name = Release;
		};
		CD59AACD269710CE003686FC /* Debug */ = {
			isa = XCBuildConfiguration;
			buildSettings = {
				ASSETCATALOG_COMPILER_APPICON_NAME = AppIcon;
				ASSETCATALOG_COMPILER_GLOBAL_ACCENT_COLOR_NAME = AccentColor;
				CODE_SIGN_STYLE = Automatic;
				DEVELOPMENT_ASSET_PATHS = "\"IDine/Preview Content\"";
				ENABLE_PREVIEWS = YES;
				INFOPLIST_FILE = IDine/Info.plist;
				IPHONEOS_DEPLOYMENT_TARGET = 14.0;
				LD_RUNPATH_SEARCH_PATHS = (
					"$(inherited)",
					"@executable_path/Frameworks",
				);
				PRODUCT_BUNDLE_IDENTIFIER = laborit.IDine;
				PRODUCT_NAME = "$(TARGET_NAME)";
				SWIFT_VERSION = 5.0;
				TARGETED_DEVICE_FAMILY = "1,2";
			};
			name = Debug;
		};
		CD59AACE269710CE003686FC /* Release */ = {
			isa = XCBuildConfiguration;
			buildSettings = {
				ASSETCATALOG_COMPILER_APPICON_NAME = AppIcon;
				ASSETCATALOG_COMPILER_GLOBAL_ACCENT_COLOR_NAME = AccentColor;
				CODE_SIGN_STYLE = Automatic;
				DEVELOPMENT_ASSET_PATHS = "\"IDine/Preview Content\"";
				ENABLE_PREVIEWS = YES;
				INFOPLIST_FILE = IDine/Info.plist;
				IPHONEOS_DEPLOYMENT_TARGET = 14.0;
				LD_RUNPATH_SEARCH_PATHS = (
					"$(inherited)",
					"@executable_path/Frameworks",
				);
				PRODUCT_BUNDLE_IDENTIFIER = laborit.IDine;
				PRODUCT_NAME = "$(TARGET_NAME)";
				SWIFT_VERSION = 5.0;
				TARGETED_DEVICE_FAMILY = "1,2";
			};
			name = Release;
		};
/* End XCBuildConfiguration section */

/* Begin XCConfigurationList section */
		CD59AAB8269710CC003686FC /* Build configuration list for PBXProject "IDine" */ = {
			isa = XCConfigurationList;
			buildConfigurations = (
				CD59AACA269710CE003686FC /* Debug */,
				CD59AACB269710CE003686FC /* Release */,
			);
			defaultConfigurationIsVisible = 0;
			defaultConfigurationName = Release;
		};
		CD59AACC269710CE003686FC /* Build configuration list for PBXNativeTarget "IDine" */ = {
			isa = XCConfigurationList;
			buildConfigurations = (
				CD59AACD269710CE003686FC /* Debug */,
				CD59AACE269710CE003686FC /* Release */,
			);
			defaultConfigurationIsVisible = 0;
			defaultConfigurationName = Release;
		};
/* End XCConfigurationList section */
	};
	rootObject = CD59AAB5269710CC003686FC /* Project object */;
}
